{
  "nodes": {
    "home-manager": {
      "inputs": {
        "nixpkgs": [
          "nixpkgs"
        ]
      },
      "locked": {
        "lastModified": 1731782173,
        "narHash": "sha256-l0vlBmqQOJneVtvRjAJuYPGV5wtiqq1+OTkVti8b3CY=",
        "owner": "nix-community",
        "repo": "home-manager",
        "rev": "c7c251761235282acfc681accf8d3deea6681cc0",
        "type": "github"
      },
      "original": {
        "owner": "nix-community",
        "repo": "home-manager",
        "type": "github"
      }
    },
    "nixos-hardware": {
      "locked": {
        "lastModified": 1731740897,
        "narHash": "sha256-teFd31vsE/0Z0WR6XVeKhKPw6Eyb2gXGpG0tjpMfBDM=",
        "owner": "NixOS",
        "repo": "nixos-hardware",
        "rev": "c2c275fbb2e656948ba6e1f67b8ddd430f158c5f",
        "type": "github"
      },
      "original": {
        "owner": "NixOS",
        "ref": "master",
        "repo": "nixos-hardware",
        "type": "github"
      }
    },
    "nixpkgs": {
      "locked": {
        "lastModified": 1731676054,
        "narHash": "sha256-OZiZ3m8SCMfh3B6bfGC/Bm4x3qc1m2SVEAlkV6iY7Yg=",
        "owner": "nixos",
        "repo": "nixpkgs",
        "rev": "5e4fbfb6b3de1aa2872b76d49fafc942626e2add",
        "type": "github"
      },
      "original": {
        "owner": "nixos",
        "ref": "nixos-unstable",
        "repo": "nixpkgs",
        "type": "github"
      }
    },
    "nixpkgs-stable": {
      "locked": {
        "lastModified": 1730602179,
        "narHash": "sha256-efgLzQAWSzJuCLiCaQUCDu4NudNlHdg2NzGLX5GYaEY=",
        "owner": "NixOS",
        "repo": "nixpkgs",
        "rev": "3c2f1c4ca372622cb2f9de8016c9a0b1cbd0f37c",
        "type": "github"
      },
      "original": {
        "owner": "NixOS",
        "ref": "release-24.05",
        "repo": "nixpkgs",
        "type": "github"
      }
    },
    "root": {
      "inputs": {
        "home-manager": "home-manager",
        "nixos-hardware": "nixos-hardware",
        "nixpkgs": "nixpkgs",
        "sops-nix": "sops-nix",
        "zen-browser": "zen-browser"
      }
    },
    "sops-nix": {
      "inputs": {
        "nixpkgs": [
          "nixpkgs"
        ],
        "nixpkgs-stable": "nixpkgs-stable"
      },
      "locked": {
        "lastModified": 1731748189,
        "narHash": "sha256-Zd/Uukvpcu26M6YGhpbsgqm6LUSLz+Q8mDZ5LOEGdiE=",
        "owner": "Mic92",
        "repo": "sops-nix",
        "rev": "d2bd7f433b28db6bc7ae03d5eca43564da0af054",
        "type": "github"
      },
      "original": {
        "owner": "Mic92",
        "repo": "sops-nix",
        "type": "github"
      }
    },
    "zen-browser": {
      "inputs": {
        "nixpkgs": [
          "nixpkgs"
        ]
      },
      "locked": {
        "lastModified": 1727721329,
        "narHash": "sha256-QYlWZwUSwrM7BuO+dXclZIwoPvBIuJr6GpFKv9XKFPI=",
        "owner": "MarceColl",
        "repo": "zen-browser-flake",
        "rev": "e6ab73f405e9a2896cce5956c549a9cc359e5fcc",
        "type": "github"
      },
      "original": {
        "owner": "MarceColl",
        "repo": "zen-browser-flake",
        "type": "github"
      }
    }
  },
  "root": "root",
  "version": 7
}
